
Microsoft Visual Studio Solution File, Format Version 12.00
# Visual Studio Version 17
VisualStudioVersion = 17.0.32014.148
MinimumVisualStudioVersion = 10.0.40219.1
Project("{9A19103F-16F7-4668-BE54-9A1E7A4F7556}") = "Ao.Cache.Core", "src\Ao.Cache.Core\Ao.Cache.Core.csproj", "{5D794BBF-F8E3-48AF-A58F-FD8DA204247E}"
EndProject
Project("{2150E333-8FDC-42A3-9474-1A3956D46DE8}") = "test", "test", "{9CF6302B-4E03-4DD5-904E-47D661131202}"
EndProject
Project("{2150E333-8FDC-42A3-9474-1A3956D46DE8}") = "sample", "sample", "{A52E7B5C-66EF-4377-847C-B1BA11168C56}"
EndProject
Project("{9A19103F-16F7-4668-BE54-9A1E7A4F7556}") = "Ao.Cache.Core.Test", "test\Ao.Cache.Core.Test\Ao.Cache.Core.Test.csproj", "{9DE195E7-9D8A-44F9-9349-1DE9DDEA5CBE}"
EndProject
Project("{2150E333-8FDC-42A3-9474-1A3956D46DE8}") = "eng", "eng", "{C8DB1C9E-812A-49C8-9838-558731242533}"
	ProjectSection(SolutionItems) = preProject
		eng\pkg.props = eng\pkg.props
	EndProjectSection
EndProject
Project("{9A19103F-16F7-4668-BE54-9A1E7A4F7556}") = "Ao.Cache.InMemory", "src\Ao.Cache.InMemory\Ao.Cache.InMemory.csproj", "{B78373BF-E509-4D04-B9B7-0A74E8E1317B}"
EndProject
Project("{9A19103F-16F7-4668-BE54-9A1E7A4F7556}") = "Ao.Cache.InLitedb", "src\Ao.Cache.InLitedb\Ao.Cache.InLitedb.csproj", "{B48995D4-D40E-4E7A-9430-9DF3DFE9CDC1}"
EndProject
Project("{9A19103F-16F7-4668-BE54-9A1E7A4F7556}") = "Ao.Cache.InLitedb.Cmd", "samples\Ao.Cache.InLitedb.Cmd\Ao.Cache.InLitedb.Cmd.csproj", "{CD0714BB-E548-4D1A-B0BE-34F6123DF0AE}"
EndProject
Project("{9A19103F-16F7-4668-BE54-9A1E7A4F7556}") = "Ao.Cache.InRedis", "src\Ao.Cache.InRedis\Ao.Cache.InRedis.csproj", "{E9980C74-617A-41CF-BA81-2447D6E4FC30}"
EndProject
Project("{9A19103F-16F7-4668-BE54-9A1E7A4F7556}") = "Ao.Cache.Benchmarks", "test\Ao.Cache.Benchmarks\Ao.Cache.Benchmarks.csproj", "{77E5EC84-F058-4F2E-9768-BD80C7646886}"
EndProject
Project("{2150E333-8FDC-42A3-9474-1A3956D46DE8}") = "Serializers", "Serializers", "{11090D69-D856-4AD5-8862-CF560B9CBDA0}"
EndProject
Project("{9A19103F-16F7-4668-BE54-9A1E7A4F7556}") = "Ao.Cache.Serizlier.MessagePack", "src\Ao.Cache.Serizlier.MessagePack\Ao.Cache.Serizlier.MessagePack.csproj", "{C151E00D-81F4-4C3F-9D48-24AAF3BF3BEC}"
EndProject
Project("{9A19103F-16F7-4668-BE54-9A1E7A4F7556}") = "Ao.Cache.Serizlier.SpanJson", "src\Ao.Cache.Serizlier.SpanJson\Ao.Cache.Serizlier.SpanJson.csproj", "{693621BF-4EF6-43DA-9FAC-C1D02F1D040D}"
EndProject
Project("{9A19103F-16F7-4668-BE54-9A1E7A4F7556}") = "Ao.Cache.Serizlier.TextJson", "src\Ao.Cache.Serizlier.TextJson\Ao.Cache.Serizlier.TextJson.csproj", "{42CC9B09-8003-47F6-867C-E6FEA693FFDF}"
EndProject
Project("{9A19103F-16F7-4668-BE54-9A1E7A4F7556}") = "Ao.Cache.InMemory.Microsoft.DependencyInjection", "src\Ao.Cache.InMemory.Microsoft.DependencyInjection\Ao.Cache.InMemory.Microsoft.DependencyInjection.csproj", "{AECF61ED-7179-49CE-B08E-A80D6E49798E}"
EndProject
Project("{9A19103F-16F7-4668-BE54-9A1E7A4F7556}") = "Ao.Cache.InRedis.Microsoft.DependencyInjection", "src\Ao.Cache.InRedis.Microsoft.DependencyInjection\Ao.Cache.InRedis.Microsoft.DependencyInjection.csproj", "{7763DB85-823A-4295-8BC5-D3576F2C19BF}"
EndProject
Project("{9A19103F-16F7-4668-BE54-9A1E7A4F7556}") = "Ao.Cache.CodeGen", "src\Ao.Cache.CodeGen\Ao.Cache.CodeGen.csproj", "{5C80D416-A397-480F-B269-4B276CFA4E1F}"
EndProject
Project("{9A19103F-16F7-4668-BE54-9A1E7A4F7556}") = "Ao.Cache.Sample.CodeGen", "samples\Ao.Cache.Sample.CodeGen\Ao.Cache.Sample.CodeGen.csproj", "{728AB9F2-B7C6-451A-BEAA-3E40A09AF6A0}"
EndProject
Project("{FAE04EC0-301F-11D3-BF4B-00C04F79EFBC}") = "Ao.Cache.Sample.CodeGenAot", "src\Ao.Cache.Sample.CodeGenAot\Ao.Cache.Sample.CodeGenAot.csproj", "{2117B4F1-884F-425F-8048-26248CCCEC3D}"
EndProject
Global
	GlobalSection(SolutionConfigurationPlatforms) = preSolution
		Debug|Any CPU = Debug|Any CPU
		Release|Any CPU = Release|Any CPU
	EndGlobalSection
	GlobalSection(ProjectConfigurationPlatforms) = postSolution
		{5D794BBF-F8E3-48AF-A58F-FD8DA204247E}.Debug|Any CPU.ActiveCfg = Debug|Any CPU
		{5D794BBF-F8E3-48AF-A58F-FD8DA204247E}.Debug|Any CPU.Build.0 = Debug|Any CPU
		{5D794BBF-F8E3-48AF-A58F-FD8DA204247E}.Release|Any CPU.ActiveCfg = Release|Any CPU
		{5D794BBF-F8E3-48AF-A58F-FD8DA204247E}.Release|Any CPU.Build.0 = Release|Any CPU
		{9DE195E7-9D8A-44F9-9349-1DE9DDEA5CBE}.Debug|Any CPU.ActiveCfg = Debug|Any CPU
		{9DE195E7-9D8A-44F9-9349-1DE9DDEA5CBE}.Debug|Any CPU.Build.0 = Debug|Any CPU
		{9DE195E7-9D8A-44F9-9349-1DE9DDEA5CBE}.Release|Any CPU.ActiveCfg = Release|Any CPU
		{9DE195E7-9D8A-44F9-9349-1DE9DDEA5CBE}.Release|Any CPU.Build.0 = Release|Any CPU
		{B78373BF-E509-4D04-B9B7-0A74E8E1317B}.Debug|Any CPU.ActiveCfg = Debug|Any CPU
		{B78373BF-E509-4D04-B9B7-0A74E8E1317B}.Debug|Any CPU.Build.0 = Debug|Any CPU
		{B78373BF-E509-4D04-B9B7-0A74E8E1317B}.Release|Any CPU.ActiveCfg = Release|Any CPU
		{B78373BF-E509-4D04-B9B7-0A74E8E1317B}.Release|Any CPU.Build.0 = Release|Any CPU
		{B48995D4-D40E-4E7A-9430-9DF3DFE9CDC1}.Debug|Any CPU.ActiveCfg = Debug|Any CPU
		{B48995D4-D40E-4E7A-9430-9DF3DFE9CDC1}.Debug|Any CPU.Build.0 = Debug|Any CPU
		{B48995D4-D40E-4E7A-9430-9DF3DFE9CDC1}.Release|Any CPU.ActiveCfg = Release|Any CPU
		{B48995D4-D40E-4E7A-9430-9DF3DFE9CDC1}.Release|Any CPU.Build.0 = Release|Any CPU
		{CD0714BB-E548-4D1A-B0BE-34F6123DF0AE}.Debug|Any CPU.ActiveCfg = Debug|Any CPU
		{CD0714BB-E548-4D1A-B0BE-34F6123DF0AE}.Debug|Any CPU.Build.0 = Debug|Any CPU
		{CD0714BB-E548-4D1A-B0BE-34F6123DF0AE}.Release|Any CPU.ActiveCfg = Release|Any CPU
		{CD0714BB-E548-4D1A-B0BE-34F6123DF0AE}.Release|Any CPU.Build.0 = Release|Any CPU
		{E9980C74-617A-41CF-BA81-2447D6E4FC30}.Debug|Any CPU.ActiveCfg = Debug|Any CPU
		{E9980C74-617A-41CF-BA81-2447D6E4FC30}.Debug|Any CPU.Build.0 = Debug|Any CPU
		{E9980C74-617A-41CF-BA81-2447D6E4FC30}.Release|Any CPU.ActiveCfg = Release|Any CPU
		{E9980C74-617A-41CF-BA81-2447D6E4FC30}.Release|Any CPU.Build.0 = Release|Any CPU
		{77E5EC84-F058-4F2E-9768-BD80C7646886}.Debug|Any CPU.ActiveCfg = Debug|Any CPU
		{77E5EC84-F058-4F2E-9768-BD80C7646886}.Debug|Any CPU.Build.0 = Debug|Any CPU
		{77E5EC84-F058-4F2E-9768-BD80C7646886}.Release|Any CPU.ActiveCfg = Release|Any CPU
		{77E5EC84-F058-4F2E-9768-BD80C7646886}.Release|Any CPU.Build.0 = Release|Any CPU
		{C151E00D-81F4-4C3F-9D48-24AAF3BF3BEC}.Debug|Any CPU.ActiveCfg = Debug|Any CPU
		{C151E00D-81F4-4C3F-9D48-24AAF3BF3BEC}.Debug|Any CPU.Build.0 = Debug|Any CPU
		{C151E00D-81F4-4C3F-9D48-24AAF3BF3BEC}.Release|Any CPU.ActiveCfg = Release|Any CPU
		{C151E00D-81F4-4C3F-9D48-24AAF3BF3BEC}.Release|Any CPU.Build.0 = Release|Any CPU
		{693621BF-4EF6-43DA-9FAC-C1D02F1D040D}.Debug|Any CPU.ActiveCfg = Debug|Any CPU
		{693621BF-4EF6-43DA-9FAC-C1D02F1D040D}.Debug|Any CPU.Build.0 = Debug|Any CPU
		{693621BF-4EF6-43DA-9FAC-C1D02F1D040D}.Release|Any CPU.ActiveCfg = Release|Any CPU
		{693621BF-4EF6-43DA-9FAC-C1D02F1D040D}.Release|Any CPU.Build.0 = Release|Any CPU
		{42CC9B09-8003-47F6-867C-E6FEA693FFDF}.Debug|Any CPU.ActiveCfg = Debug|Any CPU
		{42CC9B09-8003-47F6-867C-E6FEA693FFDF}.Debug|Any CPU.Build.0 = Debug|Any CPU
		{42CC9B09-8003-47F6-867C-E6FEA693FFDF}.Release|Any CPU.ActiveCfg = Release|Any CPU
		{42CC9B09-8003-47F6-867C-E6FEA693FFDF}.Release|Any CPU.Build.0 = Release|Any CPU
		{AECF61ED-7179-49CE-B08E-A80D6E49798E}.Debug|Any CPU.ActiveCfg = Debug|Any CPU
		{AECF61ED-7179-49CE-B08E-A80D6E49798E}.Debug|Any CPU.Build.0 = Debug|Any CPU
		{AECF61ED-7179-49CE-B08E-A80D6E49798E}.Release|Any CPU.ActiveCfg = Release|Any CPU
		{AECF61ED-7179-49CE-B08E-A80D6E49798E}.Release|Any CPU.Build.0 = Release|Any CPU
		{7763DB85-823A-4295-8BC5-D3576F2C19BF}.Debug|Any CPU.ActiveCfg = Debug|Any CPU
		{7763DB85-823A-4295-8BC5-D3576F2C19BF}.Debug|Any CPU.Build.0 = Debug|Any CPU
		{7763DB85-823A-4295-8BC5-D3576F2C19BF}.Release|Any CPU.ActiveCfg = Release|Any CPU
		{7763DB85-823A-4295-8BC5-D3576F2C19BF}.Release|Any CPU.Build.0 = Release|Any CPU
		{5C80D416-A397-480F-B269-4B276CFA4E1F}.Debug|Any CPU.ActiveCfg = Debug|Any CPU
		{5C80D416-A397-480F-B269-4B276CFA4E1F}.Debug|Any CPU.Build.0 = Debug|Any CPU
		{5C80D416-A397-480F-B269-4B276CFA4E1F}.Release|Any CPU.ActiveCfg = Release|Any CPU
		{5C80D416-A397-480F-B269-4B276CFA4E1F}.Release|Any CPU.Build.0 = Release|Any CPU
		{728AB9F2-B7C6-451A-BEAA-3E40A09AF6A0}.Debug|Any CPU.ActiveCfg = Debug|Any CPU
		{728AB9F2-B7C6-451A-BEAA-3E40A09AF6A0}.Debug|Any CPU.Build.0 = Debug|Any CPU
		{728AB9F2-B7C6-451A-BEAA-3E40A09AF6A0}.Release|Any CPU.ActiveCfg = Release|Any CPU
		{728AB9F2-B7C6-451A-BEAA-3E40A09AF6A0}.Release|Any CPU.Build.0 = Release|Any CPU
		{2117B4F1-884F-425F-8048-26248CCCEC3D}.Debug|Any CPU.ActiveCfg = Debug|Any CPU
		{2117B4F1-884F-425F-8048-26248CCCEC3D}.Debug|Any CPU.Build.0 = Debug|Any CPU
		{2117B4F1-884F-425F-8048-26248CCCEC3D}.Release|Any CPU.ActiveCfg = Release|Any CPU
		{2117B4F1-884F-425F-8048-26248CCCEC3D}.Release|Any CPU.Build.0 = Release|Any CPU
	EndGlobalSection
	GlobalSection(SolutionProperties) = preSolution
		HideSolutionNode = FALSE
	EndGlobalSection
	GlobalSection(NestedProjects) = preSolution
		{9DE195E7-9D8A-44F9-9349-1DE9DDEA5CBE} = {9CF6302B-4E03-4DD5-904E-47D661131202}
		{CD0714BB-E548-4D1A-B0BE-34F6123DF0AE} = {A52E7B5C-66EF-4377-847C-B1BA11168C56}
		{77E5EC84-F058-4F2E-9768-BD80C7646886} = {9CF6302B-4E03-4DD5-904E-47D661131202}
		{C151E00D-81F4-4C3F-9D48-24AAF3BF3BEC} = {11090D69-D856-4AD5-8862-CF560B9CBDA0}
		{693621BF-4EF6-43DA-9FAC-C1D02F1D040D} = {11090D69-D856-4AD5-8862-CF560B9CBDA0}
		{42CC9B09-8003-47F6-867C-E6FEA693FFDF} = {11090D69-D856-4AD5-8862-CF560B9CBDA0}
		{728AB9F2-B7C6-451A-BEAA-3E40A09AF6A0} = {A52E7B5C-66EF-4377-847C-B1BA11168C56}
		{2117B4F1-884F-425F-8048-26248CCCEC3D} = {A52E7B5C-66EF-4377-847C-B1BA11168C56}
	EndGlobalSection
	GlobalSection(ExtensibilityGlobals) = postSolution
		SolutionGuid = {55157C22-E7CC-4639-A568-1305AB03681E}
	EndGlobalSection
EndGlobal
