
Microsoft Visual Studio Solution File, Format Version 12.00
# Visual Studio Version 17
VisualStudioVersion = 17.0.32014.148
MinimumVisualStudioVersion = 10.0.40219.1
Project("{9A19103F-16F7-4668-BE54-9A1E7A4F7556}") = "Ao.Cache.Core", "src\Ao.Cache.Core\Ao.Cache.Core.csproj", "{5D794BBF-F8E3-48AF-A58F-FD8DA204247E}"
EndProject
Project("{2150E333-8FDC-42A3-9474-1A3956D46DE8}") = "test", "test", "{9CF6302B-4E03-4DD5-904E-47D661131202}"
EndProject
Project("{2150E333-8FDC-42A3-9474-1A3956D46DE8}") = "sample", "sample", "{A52E7B5C-66EF-4377-847C-B1BA11168C56}"
EndProject
Project("{9A19103F-16F7-4668-BE54-9A1E7A4F7556}") = "Ao.Cache.Core.Test", "test\Ao.Cache.Core.Test\Ao.Cache.Core.Test.csproj", "{9DE195E7-9D8A-44F9-9349-1DE9DDEA5CBE}"
EndProject
Project("{9A19103F-16F7-4668-BE54-9A1E7A4F7556}") = "Ao.Cache.WebApi", "samples\Ao.Cache.WebApi\Ao.Cache.WebApi.csproj", "{3BD6F301-37AD-464C-9F2D-B34794F04B09}"
EndProject
Project("{2150E333-8FDC-42A3-9474-1A3956D46DE8}") = "eng", "eng", "{C8DB1C9E-812A-49C8-9838-558731242533}"
	ProjectSection(SolutionItems) = preProject
		eng\pkg.props = eng\pkg.props
	EndProjectSection
EndProject
Project("{9A19103F-16F7-4668-BE54-9A1E7A4F7556}") = "Ao.Cache.InMemory", "src\Ao.Cache.InMemory\Ao.Cache.InMemory.csproj", "{B78373BF-E509-4D04-B9B7-0A74E8E1317B}"
EndProject
Project("{9A19103F-16F7-4668-BE54-9A1E7A4F7556}") = "Ao.Cache.InLitedb", "src\Ao.Cache.InLitedb\Ao.Cache.InLitedb.csproj", "{B48995D4-D40E-4E7A-9430-9DF3DFE9CDC1}"
EndProject
Project("{9A19103F-16F7-4668-BE54-9A1E7A4F7556}") = "Ao.Cache.InLitedb.Cmd", "samples\Ao.Cache.InLitedb.Cmd\Ao.Cache.InLitedb.Cmd.csproj", "{CD0714BB-E548-4D1A-B0BE-34F6123DF0AE}"
EndProject
Project("{9A19103F-16F7-4668-BE54-9A1E7A4F7556}") = "Ao.Cache.InRedis", "src\Ao.Cache.InRedis\Ao.Cache.InRedis.csproj", "{E9980C74-617A-41CF-BA81-2447D6E4FC30}"
EndProject
Project("{9A19103F-16F7-4668-BE54-9A1E7A4F7556}") = "Ao.Cache.InRedis.HashList.Test", "test\Ao.Cache.InRedis.HashList.Test\Ao.Cache.InRedis.HashList.Test.csproj", "{A2EB1A38-0138-4CBE-81E7-DACB8A26656A}"
EndProject
Project("{9A19103F-16F7-4668-BE54-9A1E7A4F7556}") = "Ao.Cache.InRedis.HashList", "src\Ao.Cache.InRedis.HashList\Ao.Cache.InRedis.HashList.csproj", "{03A8CCE3-8D19-40C8-BB2C-8DF9EF57A827}"
EndProject
Project("{9A19103F-16F7-4668-BE54-9A1E7A4F7556}") = "Ao.Cache.CastleProxy", "src\Ao.Cache.CastleProxy\Ao.Cache.CastleProxy.csproj", "{BC4BF64A-BD8F-4E91-BEF5-44532EAFB86B}"
EndProject
Project("{9A19103F-16F7-4668-BE54-9A1E7A4F7556}") = "Ao.Cache.CastleProxy.Sample", "samples\Ao.Cache.CastleProxy.Sample\Ao.Cache.CastleProxy.Sample.csproj", "{6930786B-EFC0-4C14-B1FC-582945D0E304}"
EndProject
Project("{9A19103F-16F7-4668-BE54-9A1E7A4F7556}") = "Ao.Cache.Benchmarks", "test\Ao.Cache.Benchmarks\Ao.Cache.Benchmarks.csproj", "{77E5EC84-F058-4F2E-9768-BD80C7646886}"
EndProject
Project("{2150E333-8FDC-42A3-9474-1A3956D46DE8}") = "Serializers", "Serializers", "{11090D69-D856-4AD5-8862-CF560B9CBDA0}"
EndProject
Project("{9A19103F-16F7-4668-BE54-9A1E7A4F7556}") = "Ao.Cache.Serizlier.MessagePack", "src\Ao.Cache.Serizlier.MessagePack\Ao.Cache.Serizlier.MessagePack.csproj", "{C151E00D-81F4-4C3F-9D48-24AAF3BF3BEC}"
EndProject
Project("{9A19103F-16F7-4668-BE54-9A1E7A4F7556}") = "Ao.Cache.Serizlier.SpanJson", "src\Ao.Cache.Serizlier.SpanJson\Ao.Cache.Serizlier.SpanJson.csproj", "{693621BF-4EF6-43DA-9FAC-C1D02F1D040D}"
EndProject
Project("{9A19103F-16F7-4668-BE54-9A1E7A4F7556}") = "Ao.Cache.Serizlier.TextJson", "src\Ao.Cache.Serizlier.TextJson\Ao.Cache.Serizlier.TextJson.csproj", "{42CC9B09-8003-47F6-867C-E6FEA693FFDF}"
EndProject
Project("{FAE04EC0-301F-11D3-BF4B-00C04F79EFBC}") = "Ao.Cache.Serizlier.Apex", "src\Ao.Cache.Serizlier.Apex\Ao.Cache.Serizlier.Apex.csproj", "{01256896-AC08-478D-A9C1-8DF65D60A609}"
EndProject
Global
	GlobalSection(SolutionConfigurationPlatforms) = preSolution
		Debug|Any CPU = Debug|Any CPU
		Release|Any CPU = Release|Any CPU
	EndGlobalSection
	GlobalSection(ProjectConfigurationPlatforms) = postSolution
		{5D794BBF-F8E3-48AF-A58F-FD8DA204247E}.Debug|Any CPU.ActiveCfg = Debug|Any CPU
		{5D794BBF-F8E3-48AF-A58F-FD8DA204247E}.Debug|Any CPU.Build.0 = Debug|Any CPU
		{5D794BBF-F8E3-48AF-A58F-FD8DA204247E}.Release|Any CPU.ActiveCfg = Release|Any CPU
		{5D794BBF-F8E3-48AF-A58F-FD8DA204247E}.Release|Any CPU.Build.0 = Release|Any CPU
		{9DE195E7-9D8A-44F9-9349-1DE9DDEA5CBE}.Debug|Any CPU.ActiveCfg = Debug|Any CPU
		{9DE195E7-9D8A-44F9-9349-1DE9DDEA5CBE}.Debug|Any CPU.Build.0 = Debug|Any CPU
		{9DE195E7-9D8A-44F9-9349-1DE9DDEA5CBE}.Release|Any CPU.ActiveCfg = Release|Any CPU
		{9DE195E7-9D8A-44F9-9349-1DE9DDEA5CBE}.Release|Any CPU.Build.0 = Release|Any CPU
		{3BD6F301-37AD-464C-9F2D-B34794F04B09}.Debug|Any CPU.ActiveCfg = Debug|Any CPU
		{3BD6F301-37AD-464C-9F2D-B34794F04B09}.Debug|Any CPU.Build.0 = Debug|Any CPU
		{3BD6F301-37AD-464C-9F2D-B34794F04B09}.Release|Any CPU.ActiveCfg = Release|Any CPU
		{3BD6F301-37AD-464C-9F2D-B34794F04B09}.Release|Any CPU.Build.0 = Release|Any CPU
		{B78373BF-E509-4D04-B9B7-0A74E8E1317B}.Debug|Any CPU.ActiveCfg = Debug|Any CPU
		{B78373BF-E509-4D04-B9B7-0A74E8E1317B}.Debug|Any CPU.Build.0 = Debug|Any CPU
		{B78373BF-E509-4D04-B9B7-0A74E8E1317B}.Release|Any CPU.ActiveCfg = Release|Any CPU
		{B78373BF-E509-4D04-B9B7-0A74E8E1317B}.Release|Any CPU.Build.0 = Release|Any CPU
		{B48995D4-D40E-4E7A-9430-9DF3DFE9CDC1}.Debug|Any CPU.ActiveCfg = Debug|Any CPU
		{B48995D4-D40E-4E7A-9430-9DF3DFE9CDC1}.Debug|Any CPU.Build.0 = Debug|Any CPU
		{B48995D4-D40E-4E7A-9430-9DF3DFE9CDC1}.Release|Any CPU.ActiveCfg = Release|Any CPU
		{B48995D4-D40E-4E7A-9430-9DF3DFE9CDC1}.Release|Any CPU.Build.0 = Release|Any CPU
		{CD0714BB-E548-4D1A-B0BE-34F6123DF0AE}.Debug|Any CPU.ActiveCfg = Debug|Any CPU
		{CD0714BB-E548-4D1A-B0BE-34F6123DF0AE}.Debug|Any CPU.Build.0 = Debug|Any CPU
		{CD0714BB-E548-4D1A-B0BE-34F6123DF0AE}.Release|Any CPU.ActiveCfg = Release|Any CPU
		{CD0714BB-E548-4D1A-B0BE-34F6123DF0AE}.Release|Any CPU.Build.0 = Release|Any CPU
		{E9980C74-617A-41CF-BA81-2447D6E4FC30}.Debug|Any CPU.ActiveCfg = Debug|Any CPU
		{E9980C74-617A-41CF-BA81-2447D6E4FC30}.Debug|Any CPU.Build.0 = Debug|Any CPU
		{E9980C74-617A-41CF-BA81-2447D6E4FC30}.Release|Any CPU.ActiveCfg = Release|Any CPU
		{E9980C74-617A-41CF-BA81-2447D6E4FC30}.Release|Any CPU.Build.0 = Release|Any CPU
		{A2EB1A38-0138-4CBE-81E7-DACB8A26656A}.Debug|Any CPU.ActiveCfg = Debug|Any CPU
		{A2EB1A38-0138-4CBE-81E7-DACB8A26656A}.Debug|Any CPU.Build.0 = Debug|Any CPU
		{A2EB1A38-0138-4CBE-81E7-DACB8A26656A}.Release|Any CPU.ActiveCfg = Release|Any CPU
		{A2EB1A38-0138-4CBE-81E7-DACB8A26656A}.Release|Any CPU.Build.0 = Release|Any CPU
		{03A8CCE3-8D19-40C8-BB2C-8DF9EF57A827}.Debug|Any CPU.ActiveCfg = Debug|Any CPU
		{03A8CCE3-8D19-40C8-BB2C-8DF9EF57A827}.Debug|Any CPU.Build.0 = Debug|Any CPU
		{03A8CCE3-8D19-40C8-BB2C-8DF9EF57A827}.Release|Any CPU.ActiveCfg = Release|Any CPU
		{03A8CCE3-8D19-40C8-BB2C-8DF9EF57A827}.Release|Any CPU.Build.0 = Release|Any CPU
		{BC4BF64A-BD8F-4E91-BEF5-44532EAFB86B}.Debug|Any CPU.ActiveCfg = Debug|Any CPU
		{BC4BF64A-BD8F-4E91-BEF5-44532EAFB86B}.Debug|Any CPU.Build.0 = Debug|Any CPU
		{BC4BF64A-BD8F-4E91-BEF5-44532EAFB86B}.Release|Any CPU.ActiveCfg = Release|Any CPU
		{BC4BF64A-BD8F-4E91-BEF5-44532EAFB86B}.Release|Any CPU.Build.0 = Release|Any CPU
		{6930786B-EFC0-4C14-B1FC-582945D0E304}.Debug|Any CPU.ActiveCfg = Debug|Any CPU
		{6930786B-EFC0-4C14-B1FC-582945D0E304}.Debug|Any CPU.Build.0 = Debug|Any CPU
		{6930786B-EFC0-4C14-B1FC-582945D0E304}.Release|Any CPU.ActiveCfg = Release|Any CPU
		{6930786B-EFC0-4C14-B1FC-582945D0E304}.Release|Any CPU.Build.0 = Release|Any CPU
		{77E5EC84-F058-4F2E-9768-BD80C7646886}.Debug|Any CPU.ActiveCfg = Debug|Any CPU
		{77E5EC84-F058-4F2E-9768-BD80C7646886}.Debug|Any CPU.Build.0 = Debug|Any CPU
		{77E5EC84-F058-4F2E-9768-BD80C7646886}.Release|Any CPU.ActiveCfg = Release|Any CPU
		{77E5EC84-F058-4F2E-9768-BD80C7646886}.Release|Any CPU.Build.0 = Release|Any CPU
		{C151E00D-81F4-4C3F-9D48-24AAF3BF3BEC}.Debug|Any CPU.ActiveCfg = Debug|Any CPU
		{C151E00D-81F4-4C3F-9D48-24AAF3BF3BEC}.Debug|Any CPU.Build.0 = Debug|Any CPU
		{C151E00D-81F4-4C3F-9D48-24AAF3BF3BEC}.Release|Any CPU.ActiveCfg = Release|Any CPU
		{C151E00D-81F4-4C3F-9D48-24AAF3BF3BEC}.Release|Any CPU.Build.0 = Release|Any CPU
		{693621BF-4EF6-43DA-9FAC-C1D02F1D040D}.Debug|Any CPU.ActiveCfg = Debug|Any CPU
		{693621BF-4EF6-43DA-9FAC-C1D02F1D040D}.Debug|Any CPU.Build.0 = Debug|Any CPU
		{693621BF-4EF6-43DA-9FAC-C1D02F1D040D}.Release|Any CPU.ActiveCfg = Release|Any CPU
		{693621BF-4EF6-43DA-9FAC-C1D02F1D040D}.Release|Any CPU.Build.0 = Release|Any CPU
		{42CC9B09-8003-47F6-867C-E6FEA693FFDF}.Debug|Any CPU.ActiveCfg = Debug|Any CPU
		{42CC9B09-8003-47F6-867C-E6FEA693FFDF}.Debug|Any CPU.Build.0 = Debug|Any CPU
		{42CC9B09-8003-47F6-867C-E6FEA693FFDF}.Release|Any CPU.ActiveCfg = Release|Any CPU
		{42CC9B09-8003-47F6-867C-E6FEA693FFDF}.Release|Any CPU.Build.0 = Release|Any CPU
		{01256896-AC08-478D-A9C1-8DF65D60A609}.Debug|Any CPU.ActiveCfg = Debug|Any CPU
		{01256896-AC08-478D-A9C1-8DF65D60A609}.Debug|Any CPU.Build.0 = Debug|Any CPU
		{01256896-AC08-478D-A9C1-8DF65D60A609}.Release|Any CPU.ActiveCfg = Release|Any CPU
		{01256896-AC08-478D-A9C1-8DF65D60A609}.Release|Any CPU.Build.0 = Release|Any CPU
	EndGlobalSection
	GlobalSection(SolutionProperties) = preSolution
		HideSolutionNode = FALSE
	EndGlobalSection
	GlobalSection(NestedProjects) = preSolution
		{9DE195E7-9D8A-44F9-9349-1DE9DDEA5CBE} = {9CF6302B-4E03-4DD5-904E-47D661131202}
		{3BD6F301-37AD-464C-9F2D-B34794F04B09} = {A52E7B5C-66EF-4377-847C-B1BA11168C56}
		{CD0714BB-E548-4D1A-B0BE-34F6123DF0AE} = {A52E7B5C-66EF-4377-847C-B1BA11168C56}
		{A2EB1A38-0138-4CBE-81E7-DACB8A26656A} = {9CF6302B-4E03-4DD5-904E-47D661131202}
		{6930786B-EFC0-4C14-B1FC-582945D0E304} = {A52E7B5C-66EF-4377-847C-B1BA11168C56}
		{77E5EC84-F058-4F2E-9768-BD80C7646886} = {9CF6302B-4E03-4DD5-904E-47D661131202}
		{C151E00D-81F4-4C3F-9D48-24AAF3BF3BEC} = {11090D69-D856-4AD5-8862-CF560B9CBDA0}
		{693621BF-4EF6-43DA-9FAC-C1D02F1D040D} = {11090D69-D856-4AD5-8862-CF560B9CBDA0}
		{42CC9B09-8003-47F6-867C-E6FEA693FFDF} = {11090D69-D856-4AD5-8862-CF560B9CBDA0}
		{01256896-AC08-478D-A9C1-8DF65D60A609} = {11090D69-D856-4AD5-8862-CF560B9CBDA0}
	EndGlobalSection
	GlobalSection(ExtensibilityGlobals) = postSolution
		SolutionGuid = {55157C22-E7CC-4639-A568-1305AB03681E}
	EndGlobalSection
EndGlobal
